<?xml version="1.0" encoding="utf-8"?>
<Project ToolsVersion="4.0" xmlns="http://schemas.microsoft.com/developer/msbuild/2003">
  <ItemGroup>
    <Filter Include="Dependencies">
      <UniqueIdentifier>{6C01343A-5864-C3DE-01EA-FB94ED2B8F61}</UniqueIdentifier>
    </Filter>
    <Filter Include="Dependencies\vendor">
      <UniqueIdentifier>{4946E261-B5A7-BF6F-3E15-0622AA75F62E}</UniqueIdentifier>
    </Filter>
    <Filter Include="Dependencies\vendor\glm">
      <UniqueIdentifier>{18CDD97A-8404-2212-8D0E-8635F9C4480B}</UniqueIdentifier>
    </Filter>
    <Filter Include="Dependencies\vendor\glm\glm">
      <UniqueIdentifier>{6723C6BE-D330-F4A4-5C17-F08FC823C05B}</UniqueIdentifier>
    </Filter>
    <Filter Include="Dependencies\vendor\glm\glm\detail">
      <UniqueIdentifier>{496137C5-359D-3A2F-9EAF-52268A0AE349}</UniqueIdentifier>
    </Filter>
    <Filter Include="Dependencies\vendor\glm\glm\ext">
      <UniqueIdentifier>{47028332-B3E5-9172-BCE8-BFAE284B58C3}</UniqueIdentifier>
    </Filter>
    <Filter Include="Dependencies\vendor\glm\glm\gtc">
      <UniqueIdentifier>{340A8332-A0ED-9172-A9F0-BFAE155358C3}</UniqueIdentifier>
    </Filter>
    <Filter Include="Dependencies\vendor\glm\glm\gtx">
      <UniqueIdentifier>{490A8332-B5ED-9172-BEF0-BFAE2A5358C3}</UniqueIdentifier>
    </Filter>
    <Filter Include="src">
      <UniqueIdentifier>{2DAB880B-99B4-887C-2230-9F7C8E38947C}</UniqueIdentifier>
    </Filter>
    <Filter Include="src\Platforms">
      <UniqueIdentifier>{B40E5C85-20CF-D7BB-E909-213955891C98}</UniqueIdentifier>
    </Filter>
    <Filter Include="src\Platforms\OpenGL">
      <UniqueIdentifier>{68A52600-5434-B0C9-FD52-C4C4E9C0C06F}</UniqueIdentifier>
    </Filter>
    <Filter Include="src\Platforms\Win10">
      <UniqueIdentifier>{527DA55D-BEDE-826B-474C-C91DB3ACB92A}</UniqueIdentifier>
    </Filter>
    <Filter Include="src\XEngine">
      <UniqueIdentifier>{EA42F32B-56F8-6B21-DFEC-65F84BA16225}</UniqueIdentifier>
    </Filter>
    <Filter Include="src\XEngine\EventSystem">
      <UniqueIdentifier>{A0377FAE-0C6F-C745-1579-2B69812FEE3E}</UniqueIdentifier>
    </Filter>
    <Filter Include="src\XEngine\ImGuiLayer">
      <UniqueIdentifier>{5123C255-3D1D-EBA7-268A-81B812235114}</UniqueIdentifier>
    </Filter>
    <Filter Include="src\XEngine\InputSystem">
      <UniqueIdentifier>{CE30C31A-3A68-0BB2-4372-6FD5AF2832AB}</UniqueIdentifier>
    </Filter>
    <Filter Include="src\XEngine\LayerSystem">
      <UniqueIdentifier>{5B239E30-C75A-E6C7-D064-4AEB3C1B0DC1}</UniqueIdentifier>
    </Filter>
    <Filter Include="src\XEngine\LogSystem">
      <UniqueIdentifier>{A02BB24B-0C98-6D46-D58B-05A441B78FAE}</UniqueIdentifier>
    </Filter>
    <Filter Include="src\XEngine\Renderer">
      <UniqueIdentifier>{D06DF12E-BCFC-7AF8-651B-8FF351898B9E}</UniqueIdentifier>
    </Filter>
  </ItemGroup>
  <ItemGroup>
    <ClInclude Include="Dependencies\vendor\glm\glm\common.hpp">
      <Filter>Dependencies\vendor\glm\glm</Filter>
    </ClInclude>
    <ClInclude Include="Dependencies\vendor\glm\glm\detail\_features.hpp">
      <Filter>Dependencies\vendor\glm\glm\detail</Filter>
    </ClInclude>
    <ClInclude Include="Dependencies\vendor\glm\glm\detail\_fixes.hpp">
      <Filter>Dependencies\vendor\glm\glm\detail</Filter>
    </ClInclude>
    <ClInclude Include="Dependencies\vendor\glm\glm\detail\_noise.hpp">
      <Filter>Dependencies\vendor\glm\glm\detail</Filter>
    </ClInclude>
    <ClInclude Include="Dependencies\vendor\glm\glm\detail\_swizzle.hpp">
      <Filter>Dependencies\vendor\glm\glm\detail</Filter>
    </ClInclude>
    <ClInclude Include="Dependencies\vendor\glm\glm\detail\_swizzle_func.hpp">
      <Filter>Dependencies\vendor\glm\glm\detail</Filter>
    </ClInclude>
    <ClInclude Include="Dependencies\vendor\glm\glm\detail\_vectorize.hpp">
      <Filter>Dependencies\vendor\glm\glm\detail</Filter>
    </ClInclude>
    <ClInclude Include="Dependencies\vendor\glm\glm\detail\compute_common.hpp">
      <Filter>Dependencies\vendor\glm\glm\detail</Filter>
    </ClInclude>
    <ClInclude Include="Dependencies\vendor\glm\glm\detail\compute_vector_relational.hpp">
      <Filter>Dependencies\vendor\glm\glm\detail</Filter>
    </ClInclude>
    <ClInclude Include="Dependencies\vendor\glm\glm\detail\qualifier.hpp">
      <Filter>Dependencies\vendor\glm\glm\detail</Filter>
    </ClInclude>
    <ClInclude Include="Dependencies\vendor\glm\glm\detail\setup.hpp">
      <Filter>Dependencies\vendor\glm\glm\detail</Filter>
    </ClInclude>
    <ClInclude Include="Dependencies\vendor\glm\glm\detail\type_float.hpp">
      <Filter>Dependencies\vendor\glm\glm\detail</Filter>
    </ClInclude>
    <ClInclude Include="Dependencies\vendor\glm\glm\detail\type_half.hpp">
      <Filter>Dependencies\vendor\glm\glm\detail</Filter>
    </ClInclude>
    <ClInclude Include="Dependencies\vendor\glm\glm\detail\type_mat2x2.hpp">
      <Filter>Dependencies\vendor\glm\glm\detail</Filter>
    </ClInclude>
    <ClInclude Include="Dependencies\vendor\glm\glm\detail\type_mat2x3.hpp">
      <Filter>Dependencies\vendor\glm\glm\detail</Filter>
    </ClInclude>
    <ClInclude Include="Dependencies\vendor\glm\glm\detail\type_mat2x4.hpp">
      <Filter>Dependencies\vendor\glm\glm\detail</Filter>
    </ClInclude>
    <ClInclude Include="Dependencies\vendor\glm\glm\detail\type_mat3x2.hpp">
      <Filter>Dependencies\vendor\glm\glm\detail</Filter>
    </ClInclude>
    <ClInclude Include="Dependencies\vendor\glm\glm\detail\type_mat3x3.hpp">
      <Filter>Dependencies\vendor\glm\glm\detail</Filter>
    </ClInclude>
    <ClInclude Include="Dependencies\vendor\glm\glm\detail\type_mat3x4.hpp">
      <Filter>Dependencies\vendor\glm\glm\detail</Filter>
    </ClInclude>
    <ClInclude Include="Dependencies\vendor\glm\glm\detail\type_mat4x2.hpp">
      <Filter>Dependencies\vendor\glm\glm\detail</Filter>
    </ClInclude>
    <ClInclude Include="Dependencies\vendor\glm\glm\detail\type_mat4x3.hpp">
      <Filter>Dependencies\vendor\glm\glm\detail</Filter>
    </ClInclude>
    <ClInclude Include="Dependencies\vendor\glm\glm\detail\type_mat4x4.hpp">
      <Filter>Dependencies\vendor\glm\glm\detail</Filter>
    </ClInclude>
    <ClInclude Include="Dependencies\vendor\glm\glm\detail\type_quat.hpp">
      <Filter>Dependencies\vendor\glm\glm\detail</Filter>
    </ClInclude>
    <ClInclude Include="Dependencies\vendor\glm\glm\detail\type_vec1.hpp">
      <Filter>Dependencies\vendor\glm\glm\detail</Filter>
    </ClInclude>
    <ClInclude Include="Dependencies\vendor\glm\glm\detail\type_vec2.hpp">
      <Filter>Dependencies\vendor\glm\glm\detail</Filter>
    </ClInclude>
    <ClInclude Include="Dependencies\vendor\glm\glm\detail\type_vec3.hpp">
      <Filter>Dependencies\vendor\glm\glm\detail</Filter>
    </ClInclude>
    <ClInclude Include="Dependencies\vendor\glm\glm\detail\type_vec4.hpp">
      <Filter>Dependencies\vendor\glm\glm\detail</Filter>
    </ClInclude>
    <ClInclude Include="Dependencies\vendor\glm\glm\exponential.hpp">
      <Filter>Dependencies\vendor\glm\glm</Filter>
    </ClInclude>
    <ClInclude Include="Dependencies\vendor\glm\glm\ext.hpp">
      <Filter>Dependencies\vendor\glm\glm</Filter>
    </ClInclude>
    <ClInclude Include="Dependencies\vendor\glm\glm\ext\matrix_clip_space.hpp">
      <Filter>Dependencies\vendor\glm\glm\ext</Filter>
    </ClInclude>
    <ClInclude Include="Dependencies\vendor\glm\glm\ext\matrix_common.hpp">
      <Filter>Dependencies\vendor\glm\glm\ext</Filter>
    </ClInclude>
    <ClInclude Include="Dependencies\vendor\glm\glm\ext\matrix_double2x2.hpp">
      <Filter>Dependencies\vendor\glm\glm\ext</Filter>
    </ClInclude>
    <ClInclude Include="Dependencies\vendor\glm\glm\ext\matrix_double2x2_precision.hpp">
      <Filter>Dependencies\vendor\glm\glm\ext</Filter>
    </ClInclude>
    <ClInclude Include="Dependencies\vendor\glm\glm\ext\matrix_double2x3.hpp">
      <Filter>Dependencies\vendor\glm\glm\ext</Filter>
    </ClInclude>
    <ClInclude Include="Dependencies\vendor\glm\glm\ext\matrix_double2x3_precision.hpp">
      <Filter>Dependencies\vendor\glm\glm\ext</Filter>
    </ClInclude>
    <ClInclude Include="Dependencies\vendor\glm\glm\ext\matrix_double2x4.hpp">
      <Filter>Dependencies\vendor\glm\glm\ext</Filter>
    </ClInclude>
    <ClInclude Include="Dependencies\vendor\glm\glm\ext\matrix_double2x4_precision.hpp">
      <Filter>Dependencies\vendor\glm\glm\ext</Filter>
    </ClInclude>
    <ClInclude Include="Dependencies\vendor\glm\glm\ext\matrix_double3x2.hpp">
      <Filter>Dependencies\vendor\glm\glm\ext</Filter>
    </ClInclude>
    <ClInclude Include="Dependencies\vendor\glm\glm\ext\matrix_double3x2_precision.hpp">
      <Filter>Dependencies\vendor\glm\glm\ext</Filter>
    </ClInclude>
    <ClInclude Include="Dependencies\vendor\glm\glm\ext\matrix_double3x3.hpp">
      <Filter>Dependencies\vendor\glm\glm\ext</Filter>
    </ClInclude>
    <ClInclude Include="Dependencies\vendor\glm\glm\ext\matrix_double3x3_precision.hpp">
      <Filter>Dependencies\vendor\glm\glm\ext</Filter>
    </ClInclude>
    <ClInclude Include="Dependencies\vendor\glm\glm\ext\matrix_double3x4.hpp">
      <Filter>Dependencies\vendor\glm\glm\ext</Filter>
    </ClInclude>
    <ClInclude Include="Dependencies\vendor\glm\glm\ext\matrix_double3x4_precision.hpp">
      <Filter>Dependencies\vendor\glm\glm\ext</Filter>
    </ClInclude>
    <ClInclude Include="Dependencies\vendor\glm\glm\ext\matrix_double4x2.hpp">
      <Filter>Dependencies\vendor\glm\glm\ext</Filter>
    </ClInclude>
    <ClInclude Include="Dependencies\vendor\glm\glm\ext\matrix_double4x2_precision.hpp">
      <Filter>Dependencies\vendor\glm\glm\ext</Filter>
    </ClInclude>
    <ClInclude Include="Dependencies\vendor\glm\glm\ext\matrix_double4x3.hpp">
      <Filter>Dependencies\vendor\glm\glm\ext</Filter>
    </ClInclude>
    <ClInclude Include="Dependencies\vendor\glm\glm\ext\matrix_double4x3_precision.hpp">
      <Filter>Dependencies\vendor\glm\glm\ext</Filter>
    </ClInclude>
    <ClInclude Include="Dependencies\vendor\glm\glm\ext\matrix_double4x4.hpp">
      <Filter>Dependencies\vendor\glm\glm\ext</Filter>
    </ClInclude>
    <ClInclude Include="Dependencies\vendor\glm\glm\ext\matrix_double4x4_precision.hpp">
      <Filter>Dependencies\vendor\glm\glm\ext</Filter>
    </ClInclude>
    <ClInclude Include="Dependencies\vendor\glm\glm\ext\matrix_float2x2.hpp">
      <Filter>Dependencies\vendor\glm\glm\ext</Filter>
    </ClInclude>
    <ClInclude Include="Dependencies\vendor\glm\glm\ext\matrix_float2x2_precision.hpp">
      <Filter>Dependencies\vendor\glm\glm\ext</Filter>
    </ClInclude>
    <ClInclude Include="Dependencies\vendor\glm\glm\ext\matrix_float2x3.hpp">
      <Filter>Dependencies\vendor\glm\glm\ext</Filter>
    </ClInclude>
    <ClInclude Include="Dependencies\vendor\glm\glm\ext\matrix_float2x3_precision.hpp">
      <Filter>Dependencies\vendor\glm\glm\ext</Filter>
    </ClInclude>
    <ClInclude Include="Dependencies\vendor\glm\glm\ext\matrix_float2x4.hpp">
      <Filter>Dependencies\vendor\glm\glm\ext</Filter>
    </ClInclude>
    <ClInclude Include="Dependencies\vendor\glm\glm\ext\matrix_float2x4_precision.hpp">
      <Filter>Dependencies\vendor\glm\glm\ext</Filter>
    </ClInclude>
    <ClInclude Include="Dependencies\vendor\glm\glm\ext\matrix_float3x2.hpp">
      <Filter>Dependencies\vendor\glm\glm\ext</Filter>
    </ClInclude>
    <ClInclude Include="Dependencies\vendor\glm\glm\ext\matrix_float3x2_precision.hpp">
      <Filter>Dependencies\vendor\glm\glm\ext</Filter>
    </ClInclude>
    <ClInclude Include="Dependencies\vendor\glm\glm\ext\matrix_float3x3.hpp">
      <Filter>Dependencies\vendor\glm\glm\ext</Filter>
    </ClInclude>
    <ClInclude Include="Dependencies\vendor\glm\glm\ext\matrix_float3x3_precision.hpp">
      <Filter>Dependencies\vendor\glm\glm\ext</Filter>
    </ClInclude>
    <ClInclude Include="Dependencies\vendor\glm\glm\ext\matrix_float3x4.hpp">
      <Filter>Dependencies\vendor\glm\glm\ext</Filter>
    </ClInclude>
    <ClInclude Include="Dependencies\vendor\glm\glm\ext\matrix_float3x4_precision.hpp">
      <Filter>Dependencies\vendor\glm\glm\ext</Filter>
    </ClInclude>
    <ClInclude Include="Dependencies\vendor\glm\glm\ext\matrix_float4x2.hpp">
      <Filter>Dependencies\vendor\glm\glm\ext</Filter>
    </ClInclude>
    <ClInclude Include="Dependencies\vendor\glm\glm\ext\matrix_float4x2_precision.hpp">
      <Filter>Dependencies\vendor\glm\glm\ext</Filter>
    </ClInclude>
    <ClInclude Include="Dependencies\vendor\glm\glm\ext\matrix_float4x3.hpp">
      <Filter>Dependencies\vendor\glm\glm\ext</Filter>
    </ClInclude>
    <ClInclude Include="Dependencies\vendor\glm\glm\ext\matrix_float4x3_precision.hpp">
      <Filter>Dependencies\vendor\glm\glm\ext</Filter>
    </ClInclude>
    <ClInclude Include="Dependencies\vendor\glm\glm\ext\matrix_float4x4.hpp">
      <Filter>Dependencies\vendor\glm\glm\ext</Filter>
    </ClInclude>
    <ClInclude Include="Dependencies\vendor\glm\glm\ext\matrix_float4x4_precision.hpp">
      <Filter>Dependencies\vendor\glm\glm\ext</Filter>
    </ClInclude>
    <ClInclude Include="Dependencies\vendor\glm\glm\ext\matrix_projection.hpp">
      <Filter>Dependencies\vendor\glm\glm\ext</Filter>
    </ClInclude>
    <ClInclude Include="Dependencies\vendor\glm\glm\ext\matrix_relational.hpp">
      <Filter>Dependencies\vendor\glm\glm\ext</Filter>
    </ClInclude>
    <ClInclude Include="Dependencies\vendor\glm\glm\ext\matrix_transform.hpp">
      <Filter>Dependencies\vendor\glm\glm\ext</Filter>
    </ClInclude>
    <ClInclude Include="Dependencies\vendor\glm\glm\ext\quaternion_common.hpp">
      <Filter>Dependencies\vendor\glm\glm\ext</Filter>
    </ClInclude>
    <ClInclude Include="Dependencies\vendor\glm\glm\ext\quaternion_double.hpp">
      <Filter>Dependencies\vendor\glm\glm\ext</Filter>
    </ClInclude>
    <ClInclude Include="Dependencies\vendor\glm\glm\ext\quaternion_double_precision.hpp">
      <Filter>Dependencies\vendor\glm\glm\ext</Filter>
    </ClInclude>
    <ClInclude Include="Dependencies\vendor\glm\glm\ext\quaternion_exponential.hpp">
      <Filter>Dependencies\vendor\glm\glm\ext</Filter>
    </ClInclude>
    <ClInclude Include="Dependencies\vendor\glm\glm\ext\quaternion_float.hpp">
      <Filter>Dependencies\vendor\glm\glm\ext</Filter>
    </ClInclude>
    <ClInclude Include="Dependencies\vendor\glm\glm\ext\quaternion_float_precision.hpp">
      <Filter>Dependencies\vendor\glm\glm\ext</Filter>
    </ClInclude>
    <ClInclude Include="Dependencies\vendor\glm\glm\ext\quaternion_geometric.hpp">
      <Filter>Dependencies\vendor\glm\glm\ext</Filter>
    </ClInclude>
    <ClInclude Include="Dependencies\vendor\glm\glm\ext\quaternion_relational.hpp">
      <Filter>Dependencies\vendor\glm\glm\ext</Filter>
    </ClInclude>
    <ClInclude Include="Dependencies\vendor\glm\glm\ext\quaternion_transform.hpp">
      <Filter>Dependencies\vendor\glm\glm\ext</Filter>
    </ClInclude>
    <ClInclude Include="Dependencies\vendor\glm\glm\ext\quaternion_trigonometric.hpp">
      <Filter>Dependencies\vendor\glm\glm\ext</Filter>
    </ClInclude>
    <ClInclude Include="Dependencies\vendor\glm\glm\ext\scalar_common.hpp">
      <Filter>Dependencies\vendor\glm\glm\ext</Filter>
    </ClInclude>
    <ClInclude Include="Dependencies\vendor\glm\glm\ext\scalar_constants.hpp">
      <Filter>Dependencies\vendor\glm\glm\ext</Filter>
    </ClInclude>
    <ClInclude Include="Dependencies\vendor\glm\glm\ext\scalar_int_sized.hpp">
      <Filter>Dependencies\vendor\glm\glm\ext</Filter>
    </ClInclude>
    <ClInclude Include="Dependencies\vendor\glm\glm\ext\scalar_integer.hpp">
      <Filter>Dependencies\vendor\glm\glm\ext</Filter>
    </ClInclude>
    <ClInclude Include="Dependencies\vendor\glm\glm\ext\scalar_packing.hpp">
      <Filter>Dependencies\vendor\glm\glm\ext</Filter>
    </ClInclude>
    <ClInclude Include="Dependencies\vendor\glm\glm\ext\scalar_relational.hpp">
      <Filter>Dependencies\vendor\glm\glm\ext</Filter>
    </ClInclude>
    <ClInclude Include="Dependencies\vendor\glm\glm\ext\scalar_uint_sized.hpp">
      <Filter>Dependencies\vendor\glm\glm\ext</Filter>
    </ClInclude>
    <ClInclude Include="Dependencies\vendor\glm\glm\ext\scalar_ulp.hpp">
      <Filter>Dependencies\vendor\glm\glm\ext</Filter>
    </ClInclude>
    <ClInclude Include="Dependencies\vendor\glm\glm\ext\vector_bool1.hpp">
      <Filter>Dependencies\vendor\glm\glm\ext</Filter>
    </ClInclude>
    <ClInclude Include="Dependencies\vendor\glm\glm\ext\vector_bool1_precision.hpp">
      <Filter>Dependencies\vendor\glm\glm\ext</Filter>
    </ClInclude>
    <ClInclude Include="Dependencies\vendor\glm\glm\ext\vector_bool2.hpp">
      <Filter>Dependencies\vendor\glm\glm\ext</Filter>
    </ClInclude>
    <ClInclude Include="Dependencies\vendor\glm\glm\ext\vector_bool2_precision.hpp">
      <Filter>Dependencies\vendor\glm\glm\ext</Filter>
    </ClInclude>
    <ClInclude Include="Dependencies\vendor\glm\glm\ext\vector_bool3.hpp">
      <Filter>Dependencies\vendor\glm\glm\ext</Filter>
    </ClInclude>
    <ClInclude Include="Dependencies\vendor\glm\glm\ext\vector_bool3_precision.hpp">
      <Filter>Dependencies\vendor\glm\glm\ext</Filter>
    </ClInclude>
    <ClInclude Include="Dependencies\vendor\glm\glm\ext\vector_bool4.hpp">
      <Filter>Dependencies\vendor\glm\glm\ext</Filter>
    </ClInclude>
    <ClInclude Include="Dependencies\vendor\glm\glm\ext\vector_bool4_precision.hpp">
      <Filter>Dependencies\vendor\glm\glm\ext</Filter>
    </ClInclude>
    <ClInclude Include="Dependencies\vendor\glm\glm\ext\vector_common.hpp">
      <Filter>Dependencies\vendor\glm\glm\ext</Filter>
    </ClInclude>
    <ClInclude Include="Dependencies\vendor\glm\glm\ext\vector_double1.hpp">
      <Filter>Dependencies\vendor\glm\glm\ext</Filter>
    </ClInclude>
    <ClInclude Include="Dependencies\vendor\glm\glm\ext\vector_double1_precision.hpp">
      <Filter>Dependencies\vendor\glm\glm\ext</Filter>
    </ClInclude>
    <ClInclude Include="Dependencies\vendor\glm\glm\ext\vector_double2.hpp">
      <Filter>Dependencies\vendor\glm\glm\ext</Filter>
    </ClInclude>
    <ClInclude Include="Dependencies\vendor\glm\glm\ext\vector_double2_precision.hpp">
      <Filter>Dependencies\vendor\glm\glm\ext</Filter>
    </ClInclude>
    <ClInclude Include="Dependencies\vendor\glm\glm\ext\vector_double3.hpp">
      <Filter>Dependencies\vendor\glm\glm\ext</Filter>
    </ClInclude>
    <ClInclude Include="Dependencies\vendor\glm\glm\ext\vector_double3_precision.hpp">
      <Filter>Dependencies\vendor\glm\glm\ext</Filter>
    </ClInclude>
    <ClInclude Include="Dependencies\vendor\glm\glm\ext\vector_double4.hpp">
      <Filter>Dependencies\vendor\glm\glm\ext</Filter>
    </ClInclude>
    <ClInclude Include="Dependencies\vendor\glm\glm\ext\vector_double4_precision.hpp">
      <Filter>Dependencies\vendor\glm\glm\ext</Filter>
    </ClInclude>
    <ClInclude Include="Dependencies\vendor\glm\glm\ext\vector_float1.hpp">
      <Filter>Dependencies\vendor\glm\glm\ext</Filter>
    </ClInclude>
    <ClInclude Include="Dependencies\vendor\glm\glm\ext\vector_float1_precision.hpp">
      <Filter>Dependencies\vendor\glm\glm\ext</Filter>
    </ClInclude>
    <ClInclude Include="Dependencies\vendor\glm\glm\ext\vector_float2.hpp">
      <Filter>Dependencies\vendor\glm\glm\ext</Filter>
    </ClInclude>
    <ClInclude Include="Dependencies\vendor\glm\glm\ext\vector_float2_precision.hpp">
      <Filter>Dependencies\vendor\glm\glm\ext</Filter>
    </ClInclude>
    <ClInclude Include="Dependencies\vendor\glm\glm\ext\vector_float3.hpp">
      <Filter>Dependencies\vendor\glm\glm\ext</Filter>
    </ClInclude>
    <ClInclude Include="Dependencies\vendor\glm\glm\ext\vector_float3_precision.hpp">
      <Filter>Dependencies\vendor\glm\glm\ext</Filter>
    </ClInclude>
    <ClInclude Include="Dependencies\vendor\glm\glm\ext\vector_float4.hpp">
      <Filter>Dependencies\vendor\glm\glm\ext</Filter>
    </ClInclude>
    <ClInclude Include="Dependencies\vendor\glm\glm\ext\vector_float4_precision.hpp">
      <Filter>Dependencies\vendor\glm\glm\ext</Filter>
    </ClInclude>
    <ClInclude Include="Dependencies\vendor\glm\glm\ext\vector_int1.hpp">
      <Filter>Dependencies\vendor\glm\glm\ext</Filter>
    </ClInclude>
    <ClInclude Include="Dependencies\vendor\glm\glm\ext\vector_int1_precision.hpp">
      <Filter>Dependencies\vendor\glm\glm\ext</Filter>
    </ClInclude>
    <ClInclude Include="Dependencies\vendor\glm\glm\ext\vector_int1_sized.hpp">
      <Filter>Dependencies\vendor\glm\glm\ext</Filter>
    </ClInclude>
    <ClInclude Include="Dependencies\vendor\glm\glm\ext\vector_int2.hpp">
      <Filter>Dependencies\vendor\glm\glm\ext</Filter>
    </ClInclude>
    <ClInclude Include="Dependencies\vendor\glm\glm\ext\vector_int2_precision.hpp">
      <Filter>Dependencies\vendor\glm\glm\ext</Filter>
    </ClInclude>
    <ClInclude Include="Dependencies\vendor\glm\glm\ext\vector_int2_sized.hpp">
      <Filter>Dependencies\vendor\glm\glm\ext</Filter>
    </ClInclude>
    <ClInclude Include="Dependencies\vendor\glm\glm\ext\vector_int3.hpp">
      <Filter>Dependencies\vendor\glm\glm\ext</Filter>
    </ClInclude>
    <ClInclude Include="Dependencies\vendor\glm\glm\ext\vector_int3_precision.hpp">
      <Filter>Dependencies\vendor\glm\glm\ext</Filter>
    </ClInclude>
    <ClInclude Include="Dependencies\vendor\glm\glm\ext\vector_int3_sized.hpp">
      <Filter>Dependencies\vendor\glm\glm\ext</Filter>
    </ClInclude>
    <ClInclude Include="Dependencies\vendor\glm\glm\ext\vector_int4.hpp">
      <Filter>Dependencies\vendor\glm\glm\ext</Filter>
    </ClInclude>
    <ClInclude Include="Dependencies\vendor\glm\glm\ext\vector_int4_precision.hpp">
      <Filter>Dependencies\vendor\glm\glm\ext</Filter>
    </ClInclude>
    <ClInclude Include="Dependencies\vendor\glm\glm\ext\vector_int4_sized.hpp">
      <Filter>Dependencies\vendor\glm\glm\ext</Filter>
    </ClInclude>
    <ClInclude Include="Dependencies\vendor\glm\glm\ext\vector_integer.hpp">
      <Filter>Dependencies\vendor\glm\glm\ext</Filter>
    </ClInclude>
    <ClInclude Include="Dependencies\vendor\glm\glm\ext\vector_packing.hpp">
      <Filter>Dependencies\vendor\glm\glm\ext</Filter>
    </ClInclude>
    <ClInclude Include="Dependencies\vendor\glm\glm\ext\vector_relational.hpp">
      <Filter>Dependencies\vendor\glm\glm\ext</Filter>
    </ClInclude>
    <ClInclude Include="Dependencies\vendor\glm\glm\ext\vector_uint1.hpp">
      <Filter>Dependencies\vendor\glm\glm\ext</Filter>
    </ClInclude>
    <ClInclude Include="Dependencies\vendor\glm\glm\ext\vector_uint1_precision.hpp">
      <Filter>Dependencies\vendor\glm\glm\ext</Filter>
    </ClInclude>
    <ClInclude Include="Dependencies\vendor\glm\glm\ext\vector_uint1_sized.hpp">
      <Filter>Dependencies\vendor\glm\glm\ext</Filter>
    </ClInclude>
    <ClInclude Include="Dependencies\vendor\glm\glm\ext\vector_uint2.hpp">
      <Filter>Dependencies\vendor\glm\glm\ext</Filter>
    </ClInclude>
    <ClInclude Include="Dependencies\vendor\glm\glm\ext\vector_uint2_precision.hpp">
      <Filter>Dependencies\vendor\glm\glm\ext</Filter>
    </ClInclude>
    <ClInclude Include="Dependencies\vendor\glm\glm\ext\vector_uint2_sized.hpp">
      <Filter>Dependencies\vendor\glm\glm\ext</Filter>
    </ClInclude>
    <ClInclude Include="Dependencies\vendor\glm\glm\ext\vector_uint3.hpp">
      <Filter>Dependencies\vendor\glm\glm\ext</Filter>
    </ClInclude>
    <ClInclude Include="Dependencies\vendor\glm\glm\ext\vector_uint3_precision.hpp">
      <Filter>Dependencies\vendor\glm\glm\ext</Filter>
    </ClInclude>
    <ClInclude Include="Dependencies\vendor\glm\glm\ext\vector_uint3_sized.hpp">
      <Filter>Dependencies\vendor\glm\glm\ext</Filter>
    </ClInclude>
    <ClInclude Include="Dependencies\vendor\glm\glm\ext\vector_uint4.hpp">
      <Filter>Dependencies\vendor\glm\glm\ext</Filter>
    </ClInclude>
    <ClInclude Include="Dependencies\vendor\glm\glm\ext\vector_uint4_precision.hpp">
      <Filter>Dependencies\vendor\glm\glm\ext</Filter>
    </ClInclude>
    <ClInclude Include="Dependencies\vendor\glm\glm\ext\vector_uint4_sized.hpp">
      <Filter>Dependencies\vendor\glm\glm\ext</Filter>
    </ClInclude>
    <ClInclude Include="Dependencies\vendor\glm\glm\ext\vector_ulp.hpp">
      <Filter>Dependencies\vendor\glm\glm\ext</Filter>
    </ClInclude>
    <ClInclude Include="Dependencies\vendor\glm\glm\fwd.hpp">
      <Filter>Dependencies\vendor\glm\glm</Filter>
    </ClInclude>
    <ClInclude Include="Dependencies\vendor\glm\glm\geometric.hpp">
      <Filter>Dependencies\vendor\glm\glm</Filter>
    </ClInclude>
    <ClInclude Include="Dependencies\vendor\glm\glm\glm.hpp">
      <Filter>Dependencies\vendor\glm\glm</Filter>
    </ClInclude>
    <ClInclude Include="Dependencies\vendor\glm\glm\gtc\bitfield.hpp">
      <Filter>Dependencies\vendor\glm\glm\gtc</Filter>
    </ClInclude>
    <ClInclude Include="Dependencies\vendor\glm\glm\gtc\color_space.hpp">
      <Filter>Dependencies\vendor\glm\glm\gtc</Filter>
    </ClInclude>
    <ClInclude Include="Dependencies\vendor\glm\glm\gtc\constants.hpp">
      <Filter>Dependencies\vendor\glm\glm\gtc</Filter>
    </ClInclude>
    <ClInclude Include="Dependencies\vendor\glm\glm\gtc\epsilon.hpp">
      <Filter>Dependencies\vendor\glm\glm\gtc</Filter>
    </ClInclude>
    <ClInclude Include="Dependencies\vendor\glm\glm\gtc\integer.hpp">
      <Filter>Dependencies\vendor\glm\glm\gtc</Filter>
    </ClInclude>
    <ClInclude Include="Dependencies\vendor\glm\glm\gtc\matrix_access.hpp">
      <Filter>Dependencies\vendor\glm\glm\gtc</Filter>
    </ClInclude>
    <ClInclude Include="Dependencies\vendor\glm\glm\gtc\matrix_integer.hpp">
      <Filter>Dependencies\vendor\glm\glm\gtc</Filter>
    </ClInclude>
    <ClInclude Include="Dependencies\vendor\glm\glm\gtc\matrix_inverse.hpp">
      <Filter>Dependencies\vendor\glm\glm\gtc</Filter>
    </ClInclude>
    <ClInclude Include="Dependencies\vendor\glm\glm\gtc\matrix_transform.hpp">
      <Filter>Dependencies\vendor\glm\glm\gtc</Filter>
    </ClInclude>
    <ClInclude Include="Dependencies\vendor\glm\glm\gtc\noise.hpp">
      <Filter>Dependencies\vendor\glm\glm\gtc</Filter>
    </ClInclude>
    <ClInclude Include="Dependencies\vendor\glm\glm\gtc\packing.hpp">
      <Filter>Dependencies\vendor\glm\glm\gtc</Filter>
    </ClInclude>
    <ClInclude Include="Dependencies\vendor\glm\glm\gtc\quaternion.hpp">
      <Filter>Dependencies\vendor\glm\glm\gtc</Filter>
    </ClInclude>
    <ClInclude Include="Dependencies\vendor\glm\glm\gtc\random.hpp">
      <Filter>Dependencies\vendor\glm\glm\gtc</Filter>
    </ClInclude>
    <ClInclude Include="Dependencies\vendor\glm\glm\gtc\reciprocal.hpp">
      <Filter>Dependencies\vendor\glm\glm\gtc</Filter>
    </ClInclude>
    <ClInclude Include="Dependencies\vendor\glm\glm\gtc\round.hpp">
      <Filter>Dependencies\vendor\glm\glm\gtc</Filter>
    </ClInclude>
    <ClInclude Include="Dependencies\vendor\glm\glm\gtc\type_aligned.hpp">
      <Filter>Dependencies\vendor\glm\glm\gtc</Filter>
    </ClInclude>
    <ClInclude Include="Dependencies\vendor\glm\glm\gtc\type_precision.hpp">
      <Filter>Dependencies\vendor\glm\glm\gtc</Filter>
    </ClInclude>
    <ClInclude Include="Dependencies\vendor\glm\glm\gtc\type_ptr.hpp">
      <Filter>Dependencies\vendor\glm\glm\gtc</Filter>
    </ClInclude>
    <ClInclude Include="Dependencies\vendor\glm\glm\gtc\ulp.hpp">
      <Filter>Dependencies\vendor\glm\glm\gtc</Filter>
    </ClInclude>
    <ClInclude Include="Dependencies\vendor\glm\glm\gtc\vec1.hpp">
      <Filter>Dependencies\vendor\glm\glm\gtc</Filter>
    </ClInclude>
    <ClInclude Include="Dependencies\vendor\glm\glm\gtx\associated_min_max.hpp">
      <Filter>Dependencies\vendor\glm\glm\gtx</Filter>
    </ClInclude>
    <ClInclude Include="Dependencies\vendor\glm\glm\gtx\bit.hpp">
      <Filter>Dependencies\vendor\glm\glm\gtx</Filter>
    </ClInclude>
    <ClInclude Include="Dependencies\vendor\glm\glm\gtx\closest_point.hpp">
      <Filter>Dependencies\vendor\glm\glm\gtx</Filter>
    </ClInclude>
    <ClInclude Include="Dependencies\vendor\glm\glm\gtx\color_encoding.hpp">
      <Filter>Dependencies\vendor\glm\glm\gtx</Filter>
    </ClInclude>
    <ClInclude Include="Dependencies\vendor\glm\glm\gtx\color_space.hpp">
      <Filter>Dependencies\vendor\glm\glm\gtx</Filter>
    </ClInclude>
    <ClInclude Include="Dependencies\vendor\glm\glm\gtx\color_space_YCoCg.hpp">
      <Filter>Dependencies\vendor\glm\glm\gtx</Filter>
    </ClInclude>
    <ClInclude Include="Dependencies\vendor\glm\glm\gtx\common.hpp">
      <Filter>Dependencies\vendor\glm\glm\gtx</Filter>
    </ClInclude>
    <ClInclude Include="Dependencies\vendor\glm\glm\gtx\compatibility.hpp">
      <Filter>Dependencies\vendor\glm\glm\gtx</Filter>
    </ClInclude>
    <ClInclude Include="Dependencies\vendor\glm\glm\gtx\component_wise.hpp">
      <Filter>Dependencies\vendor\glm\glm\gtx</Filter>
    </ClInclude>
    <ClInclude Include="Dependencies\vendor\glm\glm\gtx\dual_quaternion.hpp">
      <Filter>Dependencies\vendor\glm\glm\gtx</Filter>
    </ClInclude>
    <ClInclude Include="Dependencies\vendor\glm\glm\gtx\easing.hpp">
      <Filter>Dependencies\vendor\glm\glm\gtx</Filter>
    </ClInclude>
    <ClInclude Include="Dependencies\vendor\glm\glm\gtx\euler_angles.hpp">
      <Filter>Dependencies\vendor\glm\glm\gtx</Filter>
    </ClInclude>
    <ClInclude Include="Dependencies\vendor\glm\glm\gtx\extend.hpp">
      <Filter>Dependencies\vendor\glm\glm\gtx</Filter>
    </ClInclude>
    <ClInclude Include="Dependencies\vendor\glm\glm\gtx\extended_min_max.hpp">
      <Filter>Dependencies\vendor\glm\glm\gtx</Filter>
    </ClInclude>
    <ClInclude Include="Dependencies\vendor\glm\glm\gtx\exterior_product.hpp">
      <Filter>Dependencies\vendor\glm\glm\gtx</Filter>
    </ClInclude>
    <ClInclude Include="Dependencies\vendor\glm\glm\gtx\fast_exponential.hpp">
      <Filter>Dependencies\vendor\glm\glm\gtx</Filter>
    </ClInclude>
    <ClInclude Include="Dependencies\vendor\glm\glm\gtx\fast_square_root.hpp">
      <Filter>Dependencies\vendor\glm\glm\gtx</Filter>
    </ClInclude>
    <ClInclude Include="Dependencies\vendor\glm\glm\gtx\fast_trigonometry.hpp">
      <Filter>Dependencies\vendor\glm\glm\gtx</Filter>
    </ClInclude>
    <ClInclude Include="Dependencies\vendor\glm\glm\gtx\functions.hpp">
      <Filter>Dependencies\vendor\glm\glm\gtx</Filter>
    </ClInclude>
    <ClInclude Include="Dependencies\vendor\glm\glm\gtx\gradient_paint.hpp">
      <Filter>Dependencies\vendor\glm\glm\gtx</Filter>
    </ClInclude>
    <ClInclude Include="Dependencies\vendor\glm\glm\gtx\handed_coordinate_space.hpp">
      <Filter>Dependencies\vendor\glm\glm\gtx</Filter>
    </ClInclude>
    <ClInclude Include="Dependencies\vendor\glm\glm\gtx\hash.hpp">
      <Filter>Dependencies\vendor\glm\glm\gtx</Filter>
    </ClInclude>
    <ClInclude Include="Dependencies\vendor\glm\glm\gtx\integer.hpp">
      <Filter>Dependencies\vendor\glm\glm\gtx</Filter>
    </ClInclude>
    <ClInclude Include="Dependencies\vendor\glm\glm\gtx\intersect.hpp">
      <Filter>Dependencies\vendor\glm\glm\gtx</Filter>
    </ClInclude>
    <ClInclude Include="Dependencies\vendor\glm\glm\gtx\io.hpp">
      <Filter>Dependencies\vendor\glm\glm\gtx</Filter>
    </ClInclude>
    <ClInclude Include="Dependencies\vendor\glm\glm\gtx\log_base.hpp">
      <Filter>Dependencies\vendor\glm\glm\gtx</Filter>
    </ClInclude>
    <ClInclude Include="Dependencies\vendor\glm\glm\gtx\matrix_cross_product.hpp">
      <Filter>Dependencies\vendor\glm\glm\gtx</Filter>
    </ClInclude>
    <ClInclude Include="Dependencies\vendor\glm\glm\gtx\matrix_decompose.hpp">
      <Filter>Dependencies\vendor\glm\glm\gtx</Filter>
    </ClInclude>
    <ClInclude Include="Dependencies\vendor\glm\glm\gtx\matrix_factorisation.hpp">
      <Filter>Dependencies\vendor\glm\glm\gtx</Filter>
    </ClInclude>
    <ClInclude Include="Dependencies\vendor\glm\glm\gtx\matrix_interpolation.hpp">
      <Filter>Dependencies\vendor\glm\glm\gtx</Filter>
    </ClInclude>
    <ClInclude Include="Dependencies\vendor\glm\glm\gtx\matrix_major_storage.hpp">
      <Filter>Dependencies\vendor\glm\glm\gtx</Filter>
    </ClInclude>
    <ClInclude Include="Dependencies\vendor\glm\glm\gtx\matrix_operation.hpp">
      <Filter>Dependencies\vendor\glm\glm\gtx</Filter>
    </ClInclude>
    <ClInclude Include="Dependencies\vendor\glm\glm\gtx\matrix_query.hpp">
      <Filter>Dependencies\vendor\glm\glm\gtx</Filter>
    </ClInclude>
    <ClInclude Include="Dependencies\vendor\glm\glm\gtx\matrix_transform_2d.hpp">
      <Filter>Dependencies\vendor\glm\glm\gtx</Filter>
    </ClInclude>
    <ClInclude Include="Dependencies\vendor\glm\glm\gtx\mixed_product.hpp">
      <Filter>Dependencies\vendor\glm\glm\gtx</Filter>
    </ClInclude>
    <ClInclude Include="Dependencies\vendor\glm\glm\gtx\norm.hpp">
      <Filter>Dependencies\vendor\glm\glm\gtx</Filter>
    </ClInclude>
    <ClInclude Include="Dependencies\vendor\glm\glm\gtx\normal.hpp">
      <Filter>Dependencies\vendor\glm\glm\gtx</Filter>
    </ClInclude>
    <ClInclude Include="Dependencies\vendor\glm\glm\gtx\normalize_dot.hpp">
      <Filter>Dependencies\vendor\glm\glm\gtx</Filter>
    </ClInclude>
    <ClInclude Include="Dependencies\vendor\glm\glm\gtx\number_precision.hpp">
      <Filter>Dependencies\vendor\glm\glm\gtx</Filter>
    </ClInclude>
    <ClInclude Include="Dependencies\vendor\glm\glm\gtx\optimum_pow.hpp">
      <Filter>Dependencies\vendor\glm\glm\gtx</Filter>
    </ClInclude>
    <ClInclude Include="Dependencies\vendor\glm\glm\gtx\orthonormalize.hpp">
      <Filter>Dependencies\vendor\glm\glm\gtx</Filter>
    </ClInclude>
    <ClInclude Include="Dependencies\vendor\glm\glm\gtx\perpendicular.hpp">
      <Filter>Dependencies\vendor\glm\glm\gtx</Filter>
    </ClInclude>
    <ClInclude Include="Dependencies\vendor\glm\glm\gtx\polar_coordinates.hpp">
      <Filter>Dependencies\vendor\glm\glm\gtx</Filter>
    </ClInclude>
    <ClInclude Include="Dependencies\vendor\glm\glm\gtx\projection.hpp">
      <Filter>Dependencies\vendor\glm\glm\gtx</Filter>
    </ClInclude>
    <ClInclude Include="Dependencies\vendor\glm\glm\gtx\quaternion.hpp">
      <Filter>Dependencies\vendor\glm\glm\gtx</Filter>
    </ClInclude>
    <ClInclude Include="Dependencies\vendor\glm\glm\gtx\range.hpp">
      <Filter>Dependencies\vendor\glm\glm\gtx</Filter>
    </ClInclude>
    <ClInclude Include="Dependencies\vendor\glm\glm\gtx\raw_data.hpp">
      <Filter>Dependencies\vendor\glm\glm\gtx</Filter>
    </ClInclude>
    <ClInclude Include="Dependencies\vendor\glm\glm\gtx\rotate_normalized_axis.hpp">
      <Filter>Dependencies\vendor\glm\glm\gtx</Filter>
    </ClInclude>
    <ClInclude Include="Dependencies\vendor\glm\glm\gtx\rotate_vector.hpp">
      <Filter>Dependencies\vendor\glm\glm\gtx</Filter>
    </ClInclude>
    <ClInclude Include="Dependencies\vendor\glm\glm\gtx\scalar_multiplication.hpp">
      <Filter>Dependencies\vendor\glm\glm\gtx</Filter>
    </ClInclude>
    <ClInclude Include="Dependencies\vendor\glm\glm\gtx\scalar_relational.hpp">
      <Filter>Dependencies\vendor\glm\glm\gtx</Filter>
    </ClInclude>
    <ClInclude Include="Dependencies\vendor\glm\glm\gtx\spline.hpp">
      <Filter>Dependencies\vendor\glm\glm\gtx</Filter>
    </ClInclude>
    <ClInclude Include="Dependencies\vendor\glm\glm\gtx\std_based_type.hpp">
      <Filter>Dependencies\vendor\glm\glm\gtx</Filter>
    </ClInclude>
    <ClInclude Include="Dependencies\vendor\glm\glm\gtx\string_cast.hpp">
      <Filter>Dependencies\vendor\glm\glm\gtx</Filter>
    </ClInclude>
    <ClInclude Include="Dependencies\vendor\glm\glm\gtx\texture.hpp">
      <Filter>Dependencies\vendor\glm\glm\gtx</Filter>
    </ClInclude>
    <ClInclude Include="Dependencies\vendor\glm\glm\gtx\transform.hpp">
      <Filter>Dependencies\vendor\glm\glm\gtx</Filter>
    </ClInclude>
    <ClInclude Include="Dependencies\vendor\glm\glm\gtx\transform2.hpp">
      <Filter>Dependencies\vendor\glm\glm\gtx</Filter>
    </ClInclude>
    <ClInclude Include="Dependencies\vendor\glm\glm\gtx\type_aligned.hpp">
      <Filter>Dependencies\vendor\glm\glm\gtx</Filter>
    </ClInclude>
    <ClInclude Include="Dependencies\vendor\glm\glm\gtx\type_trait.hpp">
      <Filter>Dependencies\vendor\glm\glm\gtx</Filter>
    </ClInclude>
    <ClInclude Include="Dependencies\vendor\glm\glm\gtx\vec_swizzle.hpp">
      <Filter>Dependencies\vendor\glm\glm\gtx</Filter>
    </ClInclude>
    <ClInclude Include="Dependencies\vendor\glm\glm\gtx\vector_angle.hpp">
      <Filter>Dependencies\vendor\glm\glm\gtx</Filter>
    </ClInclude>
    <ClInclude Include="Dependencies\vendor\glm\glm\gtx\vector_query.hpp">
      <Filter>Dependencies\vendor\glm\glm\gtx</Filter>
    </ClInclude>
    <ClInclude Include="Dependencies\vendor\glm\glm\gtx\wrap.hpp">
      <Filter>Dependencies\vendor\glm\glm\gtx</Filter>
    </ClInclude>
    <ClInclude Include="Dependencies\vendor\glm\glm\integer.hpp">
      <Filter>Dependencies\vendor\glm\glm</Filter>
    </ClInclude>
    <ClInclude Include="Dependencies\vendor\glm\glm\mat2x2.hpp">
      <Filter>Dependencies\vendor\glm\glm</Filter>
    </ClInclude>
    <ClInclude Include="Dependencies\vendor\glm\glm\mat2x3.hpp">
      <Filter>Dependencies\vendor\glm\glm</Filter>
    </ClInclude>
    <ClInclude Include="Dependencies\vendor\glm\glm\mat2x4.hpp">
      <Filter>Dependencies\vendor\glm\glm</Filter>
    </ClInclude>
    <ClInclude Include="Dependencies\vendor\glm\glm\mat3x2.hpp">
      <Filter>Dependencies\vendor\glm\glm</Filter>
    </ClInclude>
    <ClInclude Include="Dependencies\vendor\glm\glm\mat3x3.hpp">
      <Filter>Dependencies\vendor\glm\glm</Filter>
    </ClInclude>
    <ClInclude Include="Dependencies\vendor\glm\glm\mat3x4.hpp">
      <Filter>Dependencies\vendor\glm\glm</Filter>
    </ClInclude>
    <ClInclude Include="Dependencies\vendor\glm\glm\mat4x2.hpp">
      <Filter>Dependencies\vendor\glm\glm</Filter>
    </ClInclude>
    <ClInclude Include="Dependencies\vendor\glm\glm\mat4x3.hpp">
      <Filter>Dependencies\vendor\glm\glm</Filter>
    </ClInclude>
    <ClInclude Include="Dependencies\vendor\glm\glm\mat4x4.hpp">
      <Filter>Dependencies\vendor\glm\glm</Filter>
    </ClInclude>
    <ClInclude Include="Dependencies\vendor\glm\glm\matrix.hpp">
      <Filter>Dependencies\vendor\glm\glm</Filter>
    </ClInclude>
    <ClInclude Include="Dependencies\vendor\glm\glm\packing.hpp">
      <Filter>Dependencies\vendor\glm\glm</Filter>
    </ClInclude>
    <ClInclude Include="Dependencies\vendor\glm\glm\trigonometric.hpp">
      <Filter>Dependencies\vendor\glm\glm</Filter>
    </ClInclude>
    <ClInclude Include="Dependencies\vendor\glm\glm\vec2.hpp">
      <Filter>Dependencies\vendor\glm\glm</Filter>
    </ClInclude>
    <ClInclude Include="Dependencies\vendor\glm\glm\vec3.hpp">
      <Filter>Dependencies\vendor\glm\glm</Filter>
    </ClInclude>
    <ClInclude Include="Dependencies\vendor\glm\glm\vec4.hpp">
      <Filter>Dependencies\vendor\glm\glm</Filter>
    </ClInclude>
    <ClInclude Include="Dependencies\vendor\glm\glm\vector_relational.hpp">
      <Filter>Dependencies\vendor\glm\glm</Filter>
    </ClInclude>
    <ClInclude Include="src\Platforms\OpenGL\OpenGLBuffer.h">
      <Filter>src\Platforms\OpenGL</Filter>
    </ClInclude>
    <ClInclude Include="src\Platforms\OpenGL\OpenGlContext.h">
      <Filter>src\Platforms\OpenGL</Filter>
    </ClInclude>
    <ClInclude Include="src\Platforms\Win10\Win10Input.h">
      <Filter>src\Platforms\Win10</Filter>
    </ClInclude>
    <ClInclude Include="src\Platforms\Win10\Win10Window.h">
      <Filter>src\Platforms\Win10</Filter>
    </ClInclude>
    <ClInclude Include="src\XEngine.h">
      <Filter>src</Filter>
    </ClInclude>
    <ClInclude Include="src\XEngine\Application.h">
      <Filter>src\XEngine</Filter>
    </ClInclude>
    <ClInclude Include="src\XEngine\EntryPoint.h">
      <Filter>src\XEngine</Filter>
    </ClInclude>
    <ClInclude Include="src\XEngine\EventSystem\ApplicationEvent.h">
      <Filter>src\XEngine\EventSystem</Filter>
    </ClInclude>
    <ClInclude Include="src\XEngine\EventSystem\Event.h">
      <Filter>src\XEngine\EventSystem</Filter>
    </ClInclude>
    <ClInclude Include="src\XEngine\EventSystem\KeyEvent.h">
      <Filter>src\XEngine\EventSystem</Filter>
    </ClInclude>
    <ClInclude Include="src\XEngine\EventSystem\MouseEvent.h">
      <Filter>src\XEngine\EventSystem</Filter>
    </ClInclude>
    <ClInclude Include="src\XEngine\ImGuiLayer\ImGuiLayer.h">
      <Filter>src\XEngine\ImGuiLayer</Filter>
    </ClInclude>
    <ClInclude Include="src\XEngine\InputSystem\Input.h">
      <Filter>src\XEngine\InputSystem</Filter>
    </ClInclude>
    <ClInclude Include="src\XEngine\InputSystem\KeyCodes.h">
      <Filter>src\XEngine\InputSystem</Filter>
    </ClInclude>
    <ClInclude Include="src\XEngine\InputSystem\MouseCodes.h">
      <Filter>src\XEngine\InputSystem</Filter>
    </ClInclude>
    <ClInclude Include="src\XEngine\LayerSystem\Layer.h">
      <Filter>src\XEngine\LayerSystem</Filter>
    </ClInclude>
    <ClInclude Include="src\XEngine\LayerSystem\LayerStack.h">
      <Filter>src\XEngine\LayerSystem</Filter>
    </ClInclude>
    <ClInclude Include="src\XEngine\LogSystem\Log.h">
      <Filter>src\XEngine\LogSystem</Filter>
    </ClInclude>
    <ClInclude Include="src\XEngine\Renderer\Buffer.h">
      <Filter>src\XEngine\Renderer</Filter>
    </ClInclude>
    <ClInclude Include="src\XEngine\Renderer\GraphicsContext.h">
      <Filter>src\XEngine\Renderer</Filter>
    </ClInclude>
    <ClInclude Include="src\XEngine\Renderer\Renderer.h">
      <Filter>src\XEngine\Renderer</Filter>
    </ClInclude>
    <ClInclude Include="src\XEngine\Renderer\Shader.h">
      <Filter>src\XEngine\Renderer</Filter>
    </ClInclude>
    <ClInclude Include="src\XEngine\Window.h">
      <Filter>src\XEngine</Filter>
    </ClInclude>
    <ClInclude Include="src\XEngine\XCore.h">
      <Filter>src\XEngine</Filter>
    </ClInclude>
    <ClInclude Include="src\Xpch.h">
      <Filter>src</Filter>
    </ClInclude>
  </ItemGroup>
  <ItemGroup>
    <ClCompile Include="src\Platforms\OpenGL\OpenGLBuffer.cpp">
      <Filter>src\Platforms\OpenGL</Filter>
    </ClCompile>
    <ClCompile Include="src\Platforms\OpenGL\OpenGlContext.cpp">
      <Filter>src\Platforms\OpenGL</Filter>
    </ClCompile>
    <ClCompile Include="src\Platforms\Win10\Win10Input.cpp">
      <Filter>src\Platforms\Win10</Filter>
    </ClCompile>
    <ClCompile Include="src\Platforms\Win10\Win10Window.cpp">
      <Filter>src\Platforms\Win10</Filter>
    </ClCompile>
    <ClCompile Include="src\XEngine\Application.cpp">
      <Filter>src\XEngine</Filter>
    </ClCompile>
    <ClCompile Include="src\XEngine\ImGuiLayer\ImGuiBuild.cpp">
      <Filter>src\XEngine\ImGuiLayer</Filter>
    </ClCompile>
    <ClCompile Include="src\XEngine\ImGuiLayer\ImGuiLayer.cpp">
      <Filter>src\XEngine\ImGuiLayer</Filter>
    </ClCompile>
    <ClCompile Include="src\XEngine\LayerSystem\Layer.cpp">
      <Filter>src\XEngine\LayerSystem</Filter>
    </ClCompile>
    <ClCompile Include="src\XEngine\LayerSystem\LayerStack.cpp">
      <Filter>src\XEngine\LayerSystem</Filter>
    </ClCompile>
    <ClCompile Include="src\XEngine\LogSystem\Log.cpp">
      <Filter>src\XEngine\LogSystem</Filter>
    </ClCompile>
    <ClCompile Include="src\XEngine\Renderer\Buffer.cpp">
      <Filter>src\XEngine\Renderer</Filter>
    </ClCompile>
    <ClCompile Include="src\XEngine\Renderer\Renderer.cpp">
      <Filter>src\XEngine\Renderer</Filter>
    </ClCompile>
    <ClCompile Include="src\XEngine\Renderer\Shader.cpp">
      <Filter>src\XEngine\Renderer</Filter>
    </ClCompile>
    <ClCompile Include="src\Xpch.cpp">
      <Filter>src</Filter>
    </ClCompile>
  </ItemGroup>
</Project>